schema: '2.0'
stages:
  train:
    cmd: python3 src/train.py
    deps:
    - path: data/iris.csv
      hash: md5
      md5: cca0fa3dde66095d7960965e7034ef62
      size: 512
    - path: src/train.py
      hash: md5
      md5: 6d455c51c10db1487daa114d817e1650
      size: 772
    outs:
    - path: models/model.pkl
      hash: md5
      md5: e82929496f6315b1661909b5d8d339eb
      size: 2209
